
Microsoft Visual Studio Solution File, Format Version 12.00
# Visual Studio Version 17
VisualStudioVersion = 17.11.35312.102
MinimumVisualStudioVersion = 10.0.40219.1
Project("{FAE04EC0-301F-11D3-BF4B-00C04F79EFBC}") = "ConsoleApp5", "ConsoleApp5\ConsoleApp5.csproj", "{D6C4F08B-B77F-4B8E-B6E3-907C6B411DE2}"
EndProject
Global
	GlobalSection(SolutionConfigurationPlatforms) = preSolution
		Debug|Any CPU = Debug|Any CPU
		Release|Any CPU = Release|Any CPU
	EndGlobalSection
	GlobalSection(ProjectConfigurationPlatforms) = postSolution
		{D6C4F08B-B77F-4B8E-B6E3-907C6B411DE2}.Debug|Any CPU.ActiveCfg = Debug|Any CPU
		{D6C4F08B-B77F-4B8E-B6E3-907C6B411DE2}.Debug|Any CPU.Build.0 = Debug|Any CPU
		{D6C4F08B-B77F-4B8E-B6E3-907C6B411DE2}.Release|Any CPU.ActiveCfg = Release|Any CPU
		{D6C4F08B-B77F-4B8E-B6E3-907C6B411DE2}.Release|Any CPU.Build.0 = Release|Any CPU
	EndGlobalSection
	GlobalSection(SolutionProperties) = preSolution
		HideSolutionNode = FALSE
	EndGlobalSection
	GlobalSection(ExtensibilityGlobals) = postSolution
		SolutionGuid = {0B6080CF-A3D8-4B21-9E54-1825725F0BC9}
	EndGlobalSection
EndGlobal
